
Microsoft Visual Studio Solution File, Format Version 12.00
# Visual Studio Version 17
VisualStudioVersion = 17.14.36623.8
MinimumVisualStudioVersion = 10.0.40219.1
Project("{2150E333-8FDC-42A3-9474-1A3956D46DE8}") = "Solution Items", "Solution Items", "{8EC462FD-D22E-90A8-E5CE-7E832BA40C5D}"
	ProjectSection(SolutionItems) = preProject
		docker-compose.yml = docker-compose.yml
		README.md = README.md
	EndProjectSection
EndProject
Project("{2150E333-8FDC-42A3-9474-1A3956D46DE8}") = "Web", "Web", "{256F4E96-6A73-9ABE-786F-840C672A50F4}"
EndProject
Project("{FAE04EC0-301F-11D3-BF4B-00C04F79EFBC}") = "CrochetToysShop.Web", "Web\CrochetToysShop.Web\CrochetToysShop.Web.csproj", "{707C6E17-CFEC-465C-82FE-D2630F774845}"
EndProject
Project("{FAE04EC0-301F-11D3-BF4B-00C04F79EFBC}") = "CrochetToysShop.Web.ViewModels", "Web\CrochetToysShop.Web.ViewModels\CrochetToysShop.Web.ViewModels.csproj", "{65F79143-2ACF-45FD-94C8-C89D8DCAAFE5}"
EndProject
Project("{2150E333-8FDC-42A3-9474-1A3956D46DE8}") = "Data", "Data", "{015FE221-96B2-289B-A0E8-6E7354784A75}"
EndProject
Project("{FAE04EC0-301F-11D3-BF4B-00C04F79EFBC}") = "CrochetToysShop.Data", "Data\CrochetToysShop.Data\CrochetToysShop.Data.csproj", "{7D6753AC-8FA0-4D67-A4C0-38296BBAFF43}"
EndProject
Project("{FAE04EC0-301F-11D3-BF4B-00C04F79EFBC}") = "CrochetToysShop.Data.Models", "Data\CrochetToysShop.Data.Models\CrochetToysShop.Data.Models.csproj", "{C61C79BE-868B-4B13-8286-0B4BFB49AE18}"
EndProject
Project("{2150E333-8FDC-42A3-9474-1A3956D46DE8}") = "Services", "Services", "{5854FF58-B8C5-05C6-5BF2-ACE42193F22B}"
EndProject
Project("{FAE04EC0-301F-11D3-BF4B-00C04F79EFBC}") = "CrochetToysShop.Services.Core", "Services\CrochetToysShop.Services.Core\CrochetToysShop.Services.Core.csproj", "{318954B3-E23B-4712-B304-72D2B25E11B6}"
EndProject
Project("{FAE04EC0-301F-11D3-BF4B-00C04F79EFBC}") = "CrochetToysShop.Services.Models", "Services\CrochetToysShop.Services.Models\CrochetToysShop.Services.Models.csproj", "{032C7410-35DC-407D-80A1-E59FAC2A262D}"
EndProject
Project("{2150E333-8FDC-42A3-9474-1A3956D46DE8}") = "Tests", "Tests", "{0AB3BF05-4346-4AA6-1389-037BE0695223}"
EndProject
Project("{FAE04EC0-301F-11D3-BF4B-00C04F79EFBC}") = "CrochetToysShop.Services.Tests", "Tests\CrochetToysShop.Services.Tests\CrochetToysShop.Services.Tests.csproj", "{D311DEC8-B6A2-44D0-8853-596A75D39D18}"
EndProject
Project("{FAE04EC0-301F-11D3-BF4B-00C04F79EFBC}") = "CrochetToysShop.Common", "CrochetToysShop.Common\CrochetToysShop.Common.csproj", "{D922A230-30AD-4688-A0A7-989B6B79432C}"
EndProject
Global
	GlobalSection(SolutionConfigurationPlatforms) = preSolution
		Debug|Any CPU = Debug|Any CPU
		Debug|x64 = Debug|x64
		Debug|x86 = Debug|x86
		Release|Any CPU = Release|Any CPU
		Release|x64 = Release|x64
		Release|x86 = Release|x86
	EndGlobalSection
	GlobalSection(ProjectConfigurationPlatforms) = postSolution
		{707C6E17-CFEC-465C-82FE-D2630F774845}.Debug|Any CPU.ActiveCfg = Debug|Any CPU
		{707C6E17-CFEC-465C-82FE-D2630F774845}.Debug|Any CPU.Build.0 = Debug|Any CPU
		{707C6E17-CFEC-465C-82FE-D2630F774845}.Debug|x64.ActiveCfg = Debug|Any CPU
		{707C6E17-CFEC-465C-82FE-D2630F774845}.Debug|x64.Build.0 = Debug|Any CPU
		{707C6E17-CFEC-465C-82FE-D2630F774845}.Debug|x86.ActiveCfg = Debug|Any CPU
		{707C6E17-CFEC-465C-82FE-D2630F774845}.Debug|x86.Build.0 = Debug|Any CPU
		{707C6E17-CFEC-465C-82FE-D2630F774845}.Release|Any CPU.ActiveCfg = Release|Any CPU
		{707C6E17-CFEC-465C-82FE-D2630F774845}.Release|Any CPU.Build.0 = Release|Any CPU
		{707C6E17-CFEC-465C-82FE-D2630F774845}.Release|x64.ActiveCfg = Release|Any CPU
		{707C6E17-CFEC-465C-82FE-D2630F774845}.Release|x64.Build.0 = Release|Any CPU
		{707C6E17-CFEC-465C-82FE-D2630F774845}.Release|x86.ActiveCfg = Release|Any CPU
		{707C6E17-CFEC-465C-82FE-D2630F774845}.Release|x86.Build.0 = Release|Any CPU
		{65F79143-2ACF-45FD-94C8-C89D8DCAAFE5}.Debug|Any CPU.ActiveCfg = Debug|Any CPU
		{65F79143-2ACF-45FD-94C8-C89D8DCAAFE5}.Debug|Any CPU.Build.0 = Debug|Any CPU
		{65F79143-2ACF-45FD-94C8-C89D8DCAAFE5}.Debug|x64.ActiveCfg = Debug|Any CPU
		{65F79143-2ACF-45FD-94C8-C89D8DCAAFE5}.Debug|x64.Build.0 = Debug|Any CPU
		{65F79143-2ACF-45FD-94C8-C89D8DCAAFE5}.Debug|x86.ActiveCfg = Debug|Any CPU
		{65F79143-2ACF-45FD-94C8-C89D8DCAAFE5}.Debug|x86.Build.0 = Debug|Any CPU
		{65F79143-2ACF-45FD-94C8-C89D8DCAAFE5}.Release|Any CPU.ActiveCfg = Release|Any CPU
		{65F79143-2ACF-45FD-94C8-C89D8DCAAFE5}.Release|Any CPU.Build.0 = Release|Any CPU
		{65F79143-2ACF-45FD-94C8-C89D8DCAAFE5}.Release|x64.ActiveCfg = Release|Any CPU
		{65F79143-2ACF-45FD-94C8-C89D8DCAAFE5}.Release|x64.Build.0 = Release|Any CPU
		{65F79143-2ACF-45FD-94C8-C89D8DCAAFE5}.Release|x86.ActiveCfg = Release|Any CPU
		{65F79143-2ACF-45FD-94C8-C89D8DCAAFE5}.Release|x86.Build.0 = Release|Any CPU
		{7D6753AC-8FA0-4D67-A4C0-38296BBAFF43}.Debug|Any CPU.ActiveCfg = Debug|Any CPU
		{7D6753AC-8FA0-4D67-A4C0-38296BBAFF43}.Debug|Any CPU.Build.0 = Debug|Any CPU
		{7D6753AC-8FA0-4D67-A4C0-38296BBAFF43}.Debug|x64.ActiveCfg = Debug|Any CPU
		{7D6753AC-8FA0-4D67-A4C0-38296BBAFF43}.Debug|x64.Build.0 = Debug|Any CPU
		{7D6753AC-8FA0-4D67-A4C0-38296BBAFF43}.Debug|x86.ActiveCfg = Debug|Any CPU
		{7D6753AC-8FA0-4D67-A4C0-38296BBAFF43}.Debug|x86.Build.0 = Debug|Any CPU
		{7D6753AC-8FA0-4D67-A4C0-38296BBAFF43}.Release|Any CPU.ActiveCfg = Release|Any CPU
		{7D6753AC-8FA0-4D67-A4C0-38296BBAFF43}.Release|Any CPU.Build.0 = Release|Any CPU
		{7D6753AC-8FA0-4D67-A4C0-38296BBAFF43}.Release|x64.ActiveCfg = Release|Any CPU
		{7D6753AC-8FA0-4D67-A4C0-38296BBAFF43}.Release|x64.Build.0 = Release|Any CPU
		{7D6753AC-8FA0-4D67-A4C0-38296BBAFF43}.Release|x86.ActiveCfg = Release|Any CPU
		{7D6753AC-8FA0-4D67-A4C0-38296BBAFF43}.Release|x86.Build.0 = Release|Any CPU
		{C61C79BE-868B-4B13-8286-0B4BFB49AE18}.Debug|Any CPU.ActiveCfg = Debug|Any CPU
		{C61C79BE-868B-4B13-8286-0B4BFB49AE18}.Debug|Any CPU.Build.0 = Debug|Any CPU
		{C61C79BE-868B-4B13-8286-0B4BFB49AE18}.Debug|x64.ActiveCfg = Debug|Any CPU
		{C61C79BE-868B-4B13-8286-0B4BFB49AE18}.Debug|x64.Build.0 = Debug|Any CPU
		{C61C79BE-868B-4B13-8286-0B4BFB49AE18}.Debug|x86.ActiveCfg = Debug|Any CPU
		{C61C79BE-868B-4B13-8286-0B4BFB49AE18}.Debug|x86.Build.0 = Debug|Any CPU
		{C61C79BE-868B-4B13-8286-0B4BFB49AE18}.Release|Any CPU.ActiveCfg = Release|Any CPU
		{C61C79BE-868B-4B13-8286-0B4BFB49AE18}.Release|Any CPU.Build.0 = Release|Any CPU
		{C61C79BE-868B-4B13-8286-0B4BFB49AE18}.Release|x64.ActiveCfg = Release|Any CPU
		{C61C79BE-868B-4B13-8286-0B4BFB49AE18}.Release|x64.Build.0 = Release|Any CPU
		{C61C79BE-868B-4B13-8286-0B4BFB49AE18}.Release|x86.ActiveCfg = Release|Any CPU
		{C61C79BE-868B-4B13-8286-0B4BFB49AE18}.Release|x86.Build.0 = Release|Any CPU
		{318954B3-E23B-4712-B304-72D2B25E11B6}.Debug|Any CPU.ActiveCfg = Debug|Any CPU
		{318954B3-E23B-4712-B304-72D2B25E11B6}.Debug|Any CPU.Build.0 = Debug|Any CPU
		{318954B3-E23B-4712-B304-72D2B25E11B6}.Debug|x64.ActiveCfg = Debug|Any CPU
		{318954B3-E23B-4712-B304-72D2B25E11B6}.Debug|x64.Build.0 = Debug|Any CPU
		{318954B3-E23B-4712-B304-72D2B25E11B6}.Debug|x86.ActiveCfg = Debug|Any CPU
		{318954B3-E23B-4712-B304-72D2B25E11B6}.Debug|x86.Build.0 = Debug|Any CPU
		{318954B3-E23B-4712-B304-72D2B25E11B6}.Release|Any CPU.ActiveCfg = Release|Any CPU
		{318954B3-E23B-4712-B304-72D2B25E11B6}.Release|Any CPU.Build.0 = Release|Any CPU
		{318954B3-E23B-4712-B304-72D2B25E11B6}.Release|x64.ActiveCfg = Release|Any CPU
		{318954B3-E23B-4712-B304-72D2B25E11B6}.Release|x64.Build.0 = Release|Any CPU
		{318954B3-E23B-4712-B304-72D2B25E11B6}.Release|x86.ActiveCfg = Release|Any CPU
		{318954B3-E23B-4712-B304-72D2B25E11B6}.Release|x86.Build.0 = Release|Any CPU
		{032C7410-35DC-407D-80A1-E59FAC2A262D}.Debug|Any CPU.ActiveCfg = Debug|Any CPU
		{032C7410-35DC-407D-80A1-E59FAC2A262D}.Debug|Any CPU.Build.0 = Debug|Any CPU
		{032C7410-35DC-407D-80A1-E59FAC2A262D}.Debug|x64.ActiveCfg = Debug|Any CPU
		{032C7410-35DC-407D-80A1-E59FAC2A262D}.Debug|x64.Build.0 = Debug|Any CPU
		{032C7410-35DC-407D-80A1-E59FAC2A262D}.Debug|x86.ActiveCfg = Debug|Any CPU
		{032C7410-35DC-407D-80A1-E59FAC2A262D}.Debug|x86.Build.0 = Debug|Any CPU
		{032C7410-35DC-407D-80A1-E59FAC2A262D}.Release|Any CPU.ActiveCfg = Release|Any CPU
		{032C7410-35DC-407D-80A1-E59FAC2A262D}.Release|Any CPU.Build.0 = Release|Any CPU
		{032C7410-35DC-407D-80A1-E59FAC2A262D}.Release|x64.ActiveCfg = Release|Any CPU
		{032C7410-35DC-407D-80A1-E59FAC2A262D}.Release|x64.Build.0 = Release|Any CPU
		{032C7410-35DC-407D-80A1-E59FAC2A262D}.Release|x86.ActiveCfg = Release|Any CPU
		{032C7410-35DC-407D-80A1-E59FAC2A262D}.Release|x86.Build.0 = Release|Any CPU
		{D311DEC8-B6A2-44D0-8853-596A75D39D18}.Debug|Any CPU.ActiveCfg = Debug|Any CPU
		{D311DEC8-B6A2-44D0-8853-596A75D39D18}.Debug|Any CPU.Build.0 = Debug|Any CPU
		{D311DEC8-B6A2-44D0-8853-596A75D39D18}.Debug|x64.ActiveCfg = Debug|Any CPU
		{D311DEC8-B6A2-44D0-8853-596A75D39D18}.Debug|x64.Build.0 = Debug|Any CPU
		{D311DEC8-B6A2-44D0-8853-596A75D39D18}.Debug|x86.ActiveCfg = Debug|Any CPU
		{D311DEC8-B6A2-44D0-8853-596A75D39D18}.Debug|x86.Build.0 = Debug|Any CPU
		{D311DEC8-B6A2-44D0-8853-596A75D39D18}.Release|Any CPU.ActiveCfg = Release|Any CPU
		{D311DEC8-B6A2-44D0-8853-596A75D39D18}.Release|Any CPU.Build.0 = Release|Any CPU
		{D311DEC8-B6A2-44D0-8853-596A75D39D18}.Release|x64.ActiveCfg = Release|Any CPU
		{D311DEC8-B6A2-44D0-8853-596A75D39D18}.Release|x64.Build.0 = Release|Any CPU
		{D311DEC8-B6A2-44D0-8853-596A75D39D18}.Release|x86.ActiveCfg = Release|Any CPU
		{D311DEC8-B6A2-44D0-8853-596A75D39D18}.Release|x86.Build.0 = Release|Any CPU
		{D922A230-30AD-4688-A0A7-989B6B79432C}.Debug|Any CPU.ActiveCfg = Debug|Any CPU
		{D922A230-30AD-4688-A0A7-989B6B79432C}.Debug|Any CPU.Build.0 = Debug|Any CPU
		{D922A230-30AD-4688-A0A7-989B6B79432C}.Debug|x64.ActiveCfg = Debug|Any CPU
		{D922A230-30AD-4688-A0A7-989B6B79432C}.Debug|x64.Build.0 = Debug|Any CPU
		{D922A230-30AD-4688-A0A7-989B6B79432C}.Debug|x86.ActiveCfg = Debug|Any CPU
		{D922A230-30AD-4688-A0A7-989B6B79432C}.Debug|x86.Build.0 = Debug|Any CPU
		{D922A230-30AD-4688-A0A7-989B6B79432C}.Release|Any CPU.ActiveCfg = Release|Any CPU
		{D922A230-30AD-4688-A0A7-989B6B79432C}.Release|Any CPU.Build.0 = Release|Any CPU
		{D922A230-30AD-4688-A0A7-989B6B79432C}.Release|x64.ActiveCfg = Release|Any CPU
		{D922A230-30AD-4688-A0A7-989B6B79432C}.Release|x64.Build.0 = Release|Any CPU
		{D922A230-30AD-4688-A0A7-989B6B79432C}.Release|x86.ActiveCfg = Release|Any CPU
		{D922A230-30AD-4688-A0A7-989B6B79432C}.Release|x86.Build.0 = Release|Any CPU
	EndGlobalSection
	GlobalSection(SolutionProperties) = preSolution
		HideSolutionNode = FALSE
	EndGlobalSection
	GlobalSection(NestedProjects) = preSolution
		{707C6E17-CFEC-465C-82FE-D2630F774845} = {256F4E96-6A73-9ABE-786F-840C672A50F4}
		{65F79143-2ACF-45FD-94C8-C89D8DCAAFE5} = {256F4E96-6A73-9ABE-786F-840C672A50F4}
		{7D6753AC-8FA0-4D67-A4C0-38296BBAFF43} = {015FE221-96B2-289B-A0E8-6E7354784A75}
		{C61C79BE-868B-4B13-8286-0B4BFB49AE18} = {015FE221-96B2-289B-A0E8-6E7354784A75}
		{318954B3-E23B-4712-B304-72D2B25E11B6} = {5854FF58-B8C5-05C6-5BF2-ACE42193F22B}
		{032C7410-35DC-407D-80A1-E59FAC2A262D} = {5854FF58-B8C5-05C6-5BF2-ACE42193F22B}
		{D311DEC8-B6A2-44D0-8853-596A75D39D18} = {0AB3BF05-4346-4AA6-1389-037BE0695223}
	EndGlobalSection
	GlobalSection(ExtensibilityGlobals) = postSolution
		SolutionGuid = {0BDFC2C2-1116-4CFC-B8B9-ED6698775F49}
	EndGlobalSection
EndGlobal
