
Microsoft Visual Studio Solution File, Format Version 12.00
# Visual Studio Version 17
VisualStudioVersion = 17.0.31903.59
MinimumVisualStudioVersion = 10.0.40219.1
Project("{FAE04EC0-301F-11D3-BF4B-00C04F79EFBC}") = "CrochetToysShop.Common", "CrochetToysShop.Common\CrochetToysShop.Common.csproj", "{C0C9A936-75B3-439A-B7BD-3919C5D8BADE}"
EndProject
Project("{FAE04EC0-301F-11D3-BF4B-00C04F79EFBC}") = "CrochetToysShop.Data.Models", "CrochetToysShop.Data.Models\CrochetToysShop.Data.Models.csproj", "{6ECE4837-F893-4DB2-BA37-D307D5099EEC}"
EndProject
Project("{FAE04EC0-301F-11D3-BF4B-00C04F79EFBC}") = "CrochetToysShop.Data", "CrochetToysShop.Data\CrochetToysShop.Data.csproj", "{FA087D61-945A-4343-BD57-C239DA47ADDF}"
EndProject
Project("{FAE04EC0-301F-11D3-BF4B-00C04F79EFBC}") = "CrochetToysShop.IntegrationTests", "CrochetToysShop.IntegrationTests\CrochetToysShop.IntegrationTests.csproj", "{2749640D-4973-4752-9036-D4514B1B9372}"
EndProject
Project("{FAE04EC0-301F-11D3-BF4B-00C04F79EFBC}") = "CrochetToysShop.Services.Core", "CrochetToysShop.Services.Core\CrochetToysShop.Services.Core.csproj", "{4456C7F5-C436-4DBA-ACF7-F82989FA6E63}"
EndProject
Project("{FAE04EC0-301F-11D3-BF4B-00C04F79EFBC}") = "CrochetToysShop.Services.Models", "CrochetToysShop.Services.Models\CrochetToysShop.Services.Models.csproj", "{CC0230E2-7B45-4F10-AC58-01EFD710B8F3}"
EndProject
Project("{FAE04EC0-301F-11D3-BF4B-00C04F79EFBC}") = "CrochetToysShop.Services.Tests", "CrochetToysShop.Services.Tests\CrochetToysShop.Services.Tests.csproj", "{12B9CBDC-4EBF-4632-BCE4-F3CEA8323500}"
EndProject
Project("{FAE04EC0-301F-11D3-BF4B-00C04F79EFBC}") = "CrochetToysShop.Web.Infrastructure", "CrochetToysShop.Web.Infrastructure\CrochetToysShop.Web.Infrastructure.csproj", "{F4FDD4B1-087F-4C05-BD36-64476C55C25E}"
EndProject
Project("{FAE04EC0-301F-11D3-BF4B-00C04F79EFBC}") = "CrochetToysShop.Web.ViewModels", "CrochetToysShop.Web.ViewModels\CrochetToysShop.Web.ViewModels.csproj", "{72251054-2C45-4548-A446-BB7D5C40CEDA}"
EndProject
Project("{FAE04EC0-301F-11D3-BF4B-00C04F79EFBC}") = "CrochetToysShop.Web", "CrochetToysShop.Web\CrochetToysShop.Web.csproj", "{93F30E97-9915-4CFC-B90B-F96CC37A3F5F}"
EndProject
Project("{2150E333-8FDC-42A3-9474-1A3956D46DE8}") = "Web", "Web", "{02EA681E-C7D8-13C7-8484-4AC65E1B71E8}"
EndProject
Project("{2150E333-8FDC-42A3-9474-1A3956D46DE8}") = "Data", "Data", "{A559275A-46BF-47C6-95B1-21F0EA2E5DF8}"
EndProject
Project("{2150E333-8FDC-42A3-9474-1A3956D46DE8}") = "Test", "Test", "{D3719B36-D9F6-432F-B652-FEA809AD03CF}"
EndProject
Project("{2150E333-8FDC-42A3-9474-1A3956D46DE8}") = "Services", "Services", "{9D05E291-C9B5-40A2-87C4-D600DB0E9FF8}"
EndProject
Global
	GlobalSection(SolutionConfigurationPlatforms) = preSolution
		Debug|Any CPU = Debug|Any CPU
		Debug|x64 = Debug|x64
		Debug|x86 = Debug|x86
		Release|Any CPU = Release|Any CPU
		Release|x64 = Release|x64
		Release|x86 = Release|x86
	EndGlobalSection
	GlobalSection(ProjectConfigurationPlatforms) = postSolution
		{C0C9A936-75B3-439A-B7BD-3919C5D8BADE}.Debug|Any CPU.ActiveCfg = Debug|Any CPU
		{C0C9A936-75B3-439A-B7BD-3919C5D8BADE}.Debug|Any CPU.Build.0 = Debug|Any CPU
		{C0C9A936-75B3-439A-B7BD-3919C5D8BADE}.Debug|x64.ActiveCfg = Debug|Any CPU
		{C0C9A936-75B3-439A-B7BD-3919C5D8BADE}.Debug|x64.Build.0 = Debug|Any CPU
		{C0C9A936-75B3-439A-B7BD-3919C5D8BADE}.Debug|x86.ActiveCfg = Debug|Any CPU
		{C0C9A936-75B3-439A-B7BD-3919C5D8BADE}.Debug|x86.Build.0 = Debug|Any CPU
		{C0C9A936-75B3-439A-B7BD-3919C5D8BADE}.Release|Any CPU.ActiveCfg = Release|Any CPU
		{C0C9A936-75B3-439A-B7BD-3919C5D8BADE}.Release|Any CPU.Build.0 = Release|Any CPU
		{C0C9A936-75B3-439A-B7BD-3919C5D8BADE}.Release|x64.ActiveCfg = Release|Any CPU
		{C0C9A936-75B3-439A-B7BD-3919C5D8BADE}.Release|x64.Build.0 = Release|Any CPU
		{C0C9A936-75B3-439A-B7BD-3919C5D8BADE}.Release|x86.ActiveCfg = Release|Any CPU
		{C0C9A936-75B3-439A-B7BD-3919C5D8BADE}.Release|x86.Build.0 = Release|Any CPU
		{6ECE4837-F893-4DB2-BA37-D307D5099EEC}.Debug|Any CPU.ActiveCfg = Debug|Any CPU
		{6ECE4837-F893-4DB2-BA37-D307D5099EEC}.Debug|Any CPU.Build.0 = Debug|Any CPU
		{6ECE4837-F893-4DB2-BA37-D307D5099EEC}.Debug|x64.ActiveCfg = Debug|Any CPU
		{6ECE4837-F893-4DB2-BA37-D307D5099EEC}.Debug|x64.Build.0 = Debug|Any CPU
		{6ECE4837-F893-4DB2-BA37-D307D5099EEC}.Debug|x86.ActiveCfg = Debug|Any CPU
		{6ECE4837-F893-4DB2-BA37-D307D5099EEC}.Debug|x86.Build.0 = Debug|Any CPU
		{6ECE4837-F893-4DB2-BA37-D307D5099EEC}.Release|Any CPU.ActiveCfg = Release|Any CPU
		{6ECE4837-F893-4DB2-BA37-D307D5099EEC}.Release|Any CPU.Build.0 = Release|Any CPU
		{6ECE4837-F893-4DB2-BA37-D307D5099EEC}.Release|x64.ActiveCfg = Release|Any CPU
		{6ECE4837-F893-4DB2-BA37-D307D5099EEC}.Release|x64.Build.0 = Release|Any CPU
		{6ECE4837-F893-4DB2-BA37-D307D5099EEC}.Release|x86.ActiveCfg = Release|Any CPU
		{6ECE4837-F893-4DB2-BA37-D307D5099EEC}.Release|x86.Build.0 = Release|Any CPU
		{FA087D61-945A-4343-BD57-C239DA47ADDF}.Debug|Any CPU.ActiveCfg = Debug|Any CPU
		{FA087D61-945A-4343-BD57-C239DA47ADDF}.Debug|Any CPU.Build.0 = Debug|Any CPU
		{FA087D61-945A-4343-BD57-C239DA47ADDF}.Debug|x64.ActiveCfg = Debug|Any CPU
		{FA087D61-945A-4343-BD57-C239DA47ADDF}.Debug|x64.Build.0 = Debug|Any CPU
		{FA087D61-945A-4343-BD57-C239DA47ADDF}.Debug|x86.ActiveCfg = Debug|Any CPU
		{FA087D61-945A-4343-BD57-C239DA47ADDF}.Debug|x86.Build.0 = Debug|Any CPU
		{FA087D61-945A-4343-BD57-C239DA47ADDF}.Release|Any CPU.ActiveCfg = Release|Any CPU
		{FA087D61-945A-4343-BD57-C239DA47ADDF}.Release|Any CPU.Build.0 = Release|Any CPU
		{FA087D61-945A-4343-BD57-C239DA47ADDF}.Release|x64.ActiveCfg = Release|Any CPU
		{FA087D61-945A-4343-BD57-C239DA47ADDF}.Release|x64.Build.0 = Release|Any CPU
		{FA087D61-945A-4343-BD57-C239DA47ADDF}.Release|x86.ActiveCfg = Release|Any CPU
		{FA087D61-945A-4343-BD57-C239DA47ADDF}.Release|x86.Build.0 = Release|Any CPU
		{2749640D-4973-4752-9036-D4514B1B9372}.Debug|Any CPU.ActiveCfg = Debug|Any CPU
		{2749640D-4973-4752-9036-D4514B1B9372}.Debug|Any CPU.Build.0 = Debug|Any CPU
		{2749640D-4973-4752-9036-D4514B1B9372}.Debug|x64.ActiveCfg = Debug|Any CPU
		{2749640D-4973-4752-9036-D4514B1B9372}.Debug|x64.Build.0 = Debug|Any CPU
		{2749640D-4973-4752-9036-D4514B1B9372}.Debug|x86.ActiveCfg = Debug|Any CPU
		{2749640D-4973-4752-9036-D4514B1B9372}.Debug|x86.Build.0 = Debug|Any CPU
		{2749640D-4973-4752-9036-D4514B1B9372}.Release|Any CPU.ActiveCfg = Release|Any CPU
		{2749640D-4973-4752-9036-D4514B1B9372}.Release|Any CPU.Build.0 = Release|Any CPU
		{2749640D-4973-4752-9036-D4514B1B9372}.Release|x64.ActiveCfg = Release|Any CPU
		{2749640D-4973-4752-9036-D4514B1B9372}.Release|x64.Build.0 = Release|Any CPU
		{2749640D-4973-4752-9036-D4514B1B9372}.Release|x86.ActiveCfg = Release|Any CPU
		{2749640D-4973-4752-9036-D4514B1B9372}.Release|x86.Build.0 = Release|Any CPU
		{4456C7F5-C436-4DBA-ACF7-F82989FA6E63}.Debug|Any CPU.ActiveCfg = Debug|Any CPU
		{4456C7F5-C436-4DBA-ACF7-F82989FA6E63}.Debug|Any CPU.Build.0 = Debug|Any CPU
		{4456C7F5-C436-4DBA-ACF7-F82989FA6E63}.Debug|x64.ActiveCfg = Debug|Any CPU
		{4456C7F5-C436-4DBA-ACF7-F82989FA6E63}.Debug|x64.Build.0 = Debug|Any CPU
		{4456C7F5-C436-4DBA-ACF7-F82989FA6E63}.Debug|x86.ActiveCfg = Debug|Any CPU
		{4456C7F5-C436-4DBA-ACF7-F82989FA6E63}.Debug|x86.Build.0 = Debug|Any CPU
		{4456C7F5-C436-4DBA-ACF7-F82989FA6E63}.Release|Any CPU.ActiveCfg = Release|Any CPU
		{4456C7F5-C436-4DBA-ACF7-F82989FA6E63}.Release|Any CPU.Build.0 = Release|Any CPU
		{4456C7F5-C436-4DBA-ACF7-F82989FA6E63}.Release|x64.ActiveCfg = Release|Any CPU
		{4456C7F5-C436-4DBA-ACF7-F82989FA6E63}.Release|x64.Build.0 = Release|Any CPU
		{4456C7F5-C436-4DBA-ACF7-F82989FA6E63}.Release|x86.ActiveCfg = Release|Any CPU
		{4456C7F5-C436-4DBA-ACF7-F82989FA6E63}.Release|x86.Build.0 = Release|Any CPU
		{CC0230E2-7B45-4F10-AC58-01EFD710B8F3}.Debug|Any CPU.ActiveCfg = Debug|Any CPU
		{CC0230E2-7B45-4F10-AC58-01EFD710B8F3}.Debug|Any CPU.Build.0 = Debug|Any CPU
		{CC0230E2-7B45-4F10-AC58-01EFD710B8F3}.Debug|x64.ActiveCfg = Debug|Any CPU
		{CC0230E2-7B45-4F10-AC58-01EFD710B8F3}.Debug|x64.Build.0 = Debug|Any CPU
		{CC0230E2-7B45-4F10-AC58-01EFD710B8F3}.Debug|x86.ActiveCfg = Debug|Any CPU
		{CC0230E2-7B45-4F10-AC58-01EFD710B8F3}.Debug|x86.Build.0 = Debug|Any CPU
		{CC0230E2-7B45-4F10-AC58-01EFD710B8F3}.Release|Any CPU.ActiveCfg = Release|Any CPU
		{CC0230E2-7B45-4F10-AC58-01EFD710B8F3}.Release|Any CPU.Build.0 = Release|Any CPU
		{CC0230E2-7B45-4F10-AC58-01EFD710B8F3}.Release|x64.ActiveCfg = Release|Any CPU
		{CC0230E2-7B45-4F10-AC58-01EFD710B8F3}.Release|x64.Build.0 = Release|Any CPU
		{CC0230E2-7B45-4F10-AC58-01EFD710B8F3}.Release|x86.ActiveCfg = Release|Any CPU
		{CC0230E2-7B45-4F10-AC58-01EFD710B8F3}.Release|x86.Build.0 = Release|Any CPU
		{12B9CBDC-4EBF-4632-BCE4-F3CEA8323500}.Debug|Any CPU.ActiveCfg = Debug|Any CPU
		{12B9CBDC-4EBF-4632-BCE4-F3CEA8323500}.Debug|Any CPU.Build.0 = Debug|Any CPU
		{12B9CBDC-4EBF-4632-BCE4-F3CEA8323500}.Debug|x64.ActiveCfg = Debug|Any CPU
		{12B9CBDC-4EBF-4632-BCE4-F3CEA8323500}.Debug|x64.Build.0 = Debug|Any CPU
		{12B9CBDC-4EBF-4632-BCE4-F3CEA8323500}.Debug|x86.ActiveCfg = Debug|Any CPU
		{12B9CBDC-4EBF-4632-BCE4-F3CEA8323500}.Debug|x86.Build.0 = Debug|Any CPU
		{12B9CBDC-4EBF-4632-BCE4-F3CEA8323500}.Release|Any CPU.ActiveCfg = Release|Any CPU
		{12B9CBDC-4EBF-4632-BCE4-F3CEA8323500}.Release|Any CPU.Build.0 = Release|Any CPU
		{12B9CBDC-4EBF-4632-BCE4-F3CEA8323500}.Release|x64.ActiveCfg = Release|Any CPU
		{12B9CBDC-4EBF-4632-BCE4-F3CEA8323500}.Release|x64.Build.0 = Release|Any CPU
		{12B9CBDC-4EBF-4632-BCE4-F3CEA8323500}.Release|x86.ActiveCfg = Release|Any CPU
		{12B9CBDC-4EBF-4632-BCE4-F3CEA8323500}.Release|x86.Build.0 = Release|Any CPU
		{F4FDD4B1-087F-4C05-BD36-64476C55C25E}.Debug|Any CPU.ActiveCfg = Debug|Any CPU
		{F4FDD4B1-087F-4C05-BD36-64476C55C25E}.Debug|Any CPU.Build.0 = Debug|Any CPU
		{F4FDD4B1-087F-4C05-BD36-64476C55C25E}.Debug|x64.ActiveCfg = Debug|Any CPU
		{F4FDD4B1-087F-4C05-BD36-64476C55C25E}.Debug|x64.Build.0 = Debug|Any CPU
		{F4FDD4B1-087F-4C05-BD36-64476C55C25E}.Debug|x86.ActiveCfg = Debug|Any CPU
		{F4FDD4B1-087F-4C05-BD36-64476C55C25E}.Debug|x86.Build.0 = Debug|Any CPU
		{F4FDD4B1-087F-4C05-BD36-64476C55C25E}.Release|Any CPU.ActiveCfg = Release|Any CPU
		{F4FDD4B1-087F-4C05-BD36-64476C55C25E}.Release|Any CPU.Build.0 = Release|Any CPU
		{F4FDD4B1-087F-4C05-BD36-64476C55C25E}.Release|x64.ActiveCfg = Release|Any CPU
		{F4FDD4B1-087F-4C05-BD36-64476C55C25E}.Release|x64.Build.0 = Release|Any CPU
		{F4FDD4B1-087F-4C05-BD36-64476C55C25E}.Release|x86.ActiveCfg = Release|Any CPU
		{F4FDD4B1-087F-4C05-BD36-64476C55C25E}.Release|x86.Build.0 = Release|Any CPU
		{72251054-2C45-4548-A446-BB7D5C40CEDA}.Debug|Any CPU.ActiveCfg = Debug|Any CPU
		{72251054-2C45-4548-A446-BB7D5C40CEDA}.Debug|Any CPU.Build.0 = Debug|Any CPU
		{72251054-2C45-4548-A446-BB7D5C40CEDA}.Debug|x64.ActiveCfg = Debug|Any CPU
		{72251054-2C45-4548-A446-BB7D5C40CEDA}.Debug|x64.Build.0 = Debug|Any CPU
		{72251054-2C45-4548-A446-BB7D5C40CEDA}.Debug|x86.ActiveCfg = Debug|Any CPU
		{72251054-2C45-4548-A446-BB7D5C40CEDA}.Debug|x86.Build.0 = Debug|Any CPU
		{72251054-2C45-4548-A446-BB7D5C40CEDA}.Release|Any CPU.ActiveCfg = Release|Any CPU
		{72251054-2C45-4548-A446-BB7D5C40CEDA}.Release|Any CPU.Build.0 = Release|Any CPU
		{72251054-2C45-4548-A446-BB7D5C40CEDA}.Release|x64.ActiveCfg = Release|Any CPU
		{72251054-2C45-4548-A446-BB7D5C40CEDA}.Release|x64.Build.0 = Release|Any CPU
		{72251054-2C45-4548-A446-BB7D5C40CEDA}.Release|x86.ActiveCfg = Release|Any CPU
		{72251054-2C45-4548-A446-BB7D5C40CEDA}.Release|x86.Build.0 = Release|Any CPU
		{93F30E97-9915-4CFC-B90B-F96CC37A3F5F}.Debug|Any CPU.ActiveCfg = Debug|Any CPU
		{93F30E97-9915-4CFC-B90B-F96CC37A3F5F}.Debug|Any CPU.Build.0 = Debug|Any CPU
		{93F30E97-9915-4CFC-B90B-F96CC37A3F5F}.Debug|x64.ActiveCfg = Debug|Any CPU
		{93F30E97-9915-4CFC-B90B-F96CC37A3F5F}.Debug|x64.Build.0 = Debug|Any CPU
		{93F30E97-9915-4CFC-B90B-F96CC37A3F5F}.Debug|x86.ActiveCfg = Debug|Any CPU
		{93F30E97-9915-4CFC-B90B-F96CC37A3F5F}.Debug|x86.Build.0 = Debug|Any CPU
		{93F30E97-9915-4CFC-B90B-F96CC37A3F5F}.Release|Any CPU.ActiveCfg = Release|Any CPU
		{93F30E97-9915-4CFC-B90B-F96CC37A3F5F}.Release|Any CPU.Build.0 = Release|Any CPU
		{93F30E97-9915-4CFC-B90B-F96CC37A3F5F}.Release|x64.ActiveCfg = Release|Any CPU
		{93F30E97-9915-4CFC-B90B-F96CC37A3F5F}.Release|x64.Build.0 = Release|Any CPU
		{93F30E97-9915-4CFC-B90B-F96CC37A3F5F}.Release|x86.ActiveCfg = Release|Any CPU
		{93F30E97-9915-4CFC-B90B-F96CC37A3F5F}.Release|x86.Build.0 = Release|Any CPU
	EndGlobalSection
	GlobalSection(SolutionProperties) = preSolution
		HideSolutionNode = FALSE
	EndGlobalSection
	GlobalSection(NestedProjects) = preSolution
		{C0C9A936-75B3-439A-B7BD-3919C5D8BADE} = {9D05E291-C9B5-40A2-87C4-D600DB0E9FF8}
		{6ECE4837-F893-4DB2-BA37-D307D5099EEC} = {A559275A-46BF-47C6-95B1-21F0EA2E5DF8}
		{FA087D61-945A-4343-BD57-C239DA47ADDF} = {A559275A-46BF-47C6-95B1-21F0EA2E5DF8}
		{2749640D-4973-4752-9036-D4514B1B9372} = {D3719B36-D9F6-432F-B652-FEA809AD03CF}
		{4456C7F5-C436-4DBA-ACF7-F82989FA6E63} = {9D05E291-C9B5-40A2-87C4-D600DB0E9FF8}
		{CC0230E2-7B45-4F10-AC58-01EFD710B8F3} = {9D05E291-C9B5-40A2-87C4-D600DB0E9FF8}
		{12B9CBDC-4EBF-4632-BCE4-F3CEA8323500} = {D3719B36-D9F6-432F-B652-FEA809AD03CF}
		{F4FDD4B1-087F-4C05-BD36-64476C55C25E} = {02EA681E-C7D8-13C7-8484-4AC65E1B71E8}
		{72251054-2C45-4548-A446-BB7D5C40CEDA} = {02EA681E-C7D8-13C7-8484-4AC65E1B71E8}
		{93F30E97-9915-4CFC-B90B-F96CC37A3F5F} = {02EA681E-C7D8-13C7-8484-4AC65E1B71E8}
	EndGlobalSection
EndGlobal
